# THIS IS AN AUTOGENERATED FILE. DO NOT EDIT THIS FILE DIRECTLY.
# yarn lockfile v1


"@alan-ai/alan-sdk-web@^1.8.43":
  version "1.8.43"
  resolved "https://registry.yarnpkg.com/@alan-ai/alan-sdk-web/-/alan-sdk-web-1.8.43.tgz#98afdf1321a9cacdb2fd9f055171be4e887a62b9"
  integrity sha512-aFYVmg/Lb7RTwt8jWEwYYfOUO+CZAnEPeiVkyFlUG/m9LlHlQhPR59PX5JLjxzcBdwYFlb5/KYInaTiT2S7a7Q==
